
Microsoft Visual Studio Solution File, Format Version 12.00
# Visual Studio Version 17
VisualStudioVersion = 17.4.33110.190
MinimumVisualStudioVersion = 10.0.40219.1
Project("{FAE04EC0-301F-11D3-BF4B-00C04F79EFBC}") = "WSLDockerHub", "WSLDockerHub\WSLDockerHub.csproj", "{C21A8858-4271-4293-8BA6-4CAF5A8BBD36}"
EndProject
Project("{FAE04EC0-301F-11D3-BF4B-00C04F79EFBC}") = "WSLDockerHubCLI", "WSLDockerHubCLI\WSLDockerHubCLI.csproj", "{EB457BB0-E5C7-4617-9E76-D2648F63EC8A}"
EndProject
Global
	GlobalSection(SolutionConfigurationPlatforms) = preSolution
		Debug|Any CPU = Debug|Any CPU
		Release|Any CPU = Release|Any CPU
	EndGlobalSection
	GlobalSection(ProjectConfigurationPlatforms) = postSolution
		{C21A8858-4271-4293-8BA6-4CAF5A8BBD36}.Debug|Any CPU.ActiveCfg = Debug|Any CPU
		{C21A8858-4271-4293-8BA6-4CAF5A8BBD36}.Debug|Any CPU.Build.0 = Debug|Any CPU
		{C21A8858-4271-4293-8BA6-4CAF5A8BBD36}.Release|Any CPU.ActiveCfg = Release|Any CPU
		{C21A8858-4271-4293-8BA6-4CAF5A8BBD36}.Release|Any CPU.Build.0 = Release|Any CPU
		{EB457BB0-E5C7-4617-9E76-D2648F63EC8A}.Debug|Any CPU.ActiveCfg = Debug|Any CPU
		{EB457BB0-E5C7-4617-9E76-D2648F63EC8A}.Debug|Any CPU.Build.0 = Debug|Any CPU
		{EB457BB0-E5C7-4617-9E76-D2648F63EC8A}.Release|Any CPU.ActiveCfg = Release|Any CPU
		{EB457BB0-E5C7-4617-9E76-D2648F63EC8A}.Release|Any CPU.Build.0 = Release|Any CPU
	EndGlobalSection
	GlobalSection(SolutionProperties) = preSolution
		HideSolutionNode = FALSE
	EndGlobalSection
	GlobalSection(ExtensibilityGlobals) = postSolution
		SolutionGuid = {5D7CFD21-A592-4948-AACD-17B28BEA0B8F}
	EndGlobalSection
EndGlobal
